# This file was autogenerated by Stack.
# You should not edit this file by hand.
# For more information, please see the documentation at:
#   https://docs.haskellstack.org/en/stable/lock_files

packages:
- completed:
    hackage: servant-auth-0.3.2.0@sha256:243db6c4ec4d10daf30b57eb67133f83e27d85f324121b6e0a9310523eee571a,1808
    pantry-tree:
      size: 268
      sha256: 2200f5c2acb12897a264f8798e4796a490e870a301076b0a89bdb70ec81c91e4
  original:
    hackage: servant-auth-0.3.2.0@sha256:243db6c4ec4d10daf30b57eb67133f83e27d85f324121b6e0a9310523eee571a,1808
- completed:
    hackage: servant-auth-server-0.4.5.1@sha256:f37a485a61853cc4009d94857e635c5bf2c2e33dc649602debb01ec5ca756247,5112
    pantry-tree:
      size: 1376
      sha256: 776d6f8e9153c53154ad82251bbe4d61152ddd6a894219993fc50bfa7f27ae91
  original:
    hackage: servant-auth-server-0.4.5.1@sha256:f37a485a61853cc4009d94857e635c5bf2c2e33dc649602debb01ec5ca756247,5112
- completed:
    hackage: jose-0.8.3@sha256:8aced915d565f8397150149d46f1f2f2f7ec7aaddf9593f52b420111629332cf,3333
    pantry-tree:
      size: 1992
      sha256: 625c2a7690a0e30f8882f001b6a7fbc88a9cfa686eff5ade81996883795ba0fc
  original:
    hackage: jose-0.8.3@sha256:8aced915d565f8397150149d46f1f2f2f7ec7aaddf9593f52b420111629332cf,3333
snapshots:
- completed:
    size: 533252
    url: https://raw.githubusercontent.com/commercialhaskell/stackage-snapshots/master/lts/16/26.yaml
    sha256: cdbc5db9c1afe80a5998247939027a0c7db92fa0f20b5cd01596ec3da628b622
  original: lts-16.26
